
Microsoft Visual Studio Solution File, Format Version 12.00
# Visual Studio Version 17
VisualStudioVersion = 17.2.32505.173
MinimumVisualStudioVersion = 10.0.40219.1
Project("{FAE04EC0-301F-11D3-BF4B-00C04F79EFBC}") = "RogStock2025", "RogStock2025\RogStock2025.csproj", "{F6A825A9-E785-4129-BB03-7AB17A128D34}"
EndProject
Global
	GlobalSection(SolutionConfigurationPlatforms) = preSolution
		Debug|Any CPU = Debug|Any CPU
		Release|Any CPU = Release|Any CPU
	EndGlobalSection
	GlobalSection(ProjectConfigurationPlatforms) = postSolution
		{F6A825A9-E785-4129-BB03-7AB17A128D34}.Debug|Any CPU.ActiveCfg = Debug|Any CPU
		{F6A825A9-E785-4129-BB03-7AB17A128D34}.Debug|Any CPU.Build.0 = Debug|Any CPU
		{F6A825A9-E785-4129-BB03-7AB17A128D34}.Release|Any CPU.ActiveCfg = Release|Any CPU
		{F6A825A9-E785-4129-BB03-7AB17A128D34}.Release|Any CPU.Build.0 = Release|Any CPU
	EndGlobalSection
	GlobalSection(SolutionProperties) = preSolution
		HideSolutionNode = FALSE
	EndGlobalSection
	GlobalSection(ExtensibilityGlobals) = postSolution
		SolutionGuid = {EBEAA76E-C7DC-4167-A513-6B6DDC22157A}
	EndGlobalSection
EndGlobal
